
Microsoft Visual Studio Solution File, Format Version 12.00
# Visual Studio 15
VisualStudioVersion = 15.0.27703.2035
MinimumVisualStudioVersion = 10.0.40219.1
Project("{2150E333-8FDC-42A3-9474-1A3956D46DE8}") = "src", "src", "{DA773B22-02BD-415E-A383-BDB3AADC69DA}"
EndProject
Project("{2150E333-8FDC-42A3-9474-1A3956D46DE8}") = "CommonComponents", "CommonComponents", "{C81BE397-2C87-4C61-87DB-D7BB4FA16462}"
EndProject
Project("{2150E333-8FDC-42A3-9474-1A3956D46DE8}") = "Servers", "Servers", "{C1C9F1DC-66B6-4739-9E5D-C58021542D8E}"
EndProject
Project("{2150E333-8FDC-42A3-9474-1A3956D46DE8}") = "Passport", "Passport", "{179B1E98-B304-4234-96FF-24006C7E819C}"
EndProject
Project("{2150E333-8FDC-42A3-9474-1A3956D46DE8}") = "Oem", "Oem", "{2D6BC891-1550-46BB-96CF-8D3173D6AED2}"
EndProject
Project("{2150E333-8FDC-42A3-9474-1A3956D46DE8}") = "AppManager", "AppManager", "{B626B376-9D9A-426A-8649-65AE858B50CB}"
EndProject
Project("{2150E333-8FDC-42A3-9474-1A3956D46DE8}") = "core", "core", "{4BD66F48-7130-471A-A379-D6EB8791516C}"
EndProject
Project("{2150E333-8FDC-42A3-9474-1A3956D46DE8}") = "Senparc", "Senparc", "{652D5E6E-E2FD-4B40-9F6D-BDB4E165FD89}"
EndProject
Project("{9A19103F-16F7-4668-BE54-9A1E7A4F7556}") = "Surging.Huanlv.Domain.Core", "src\CommonComponents\Surging.Huanlv.Domain.Core\Surging.Huanlv.Domain.Core.csproj", "{C27C4F13-65C4-4487-92AA-F23BEA8D2803}"
EndProject
Project("{2150E333-8FDC-42A3-9474-1A3956D46DE8}") = "Surging.Core", "Surging.Core", "{53415490-7FCC-42D8-9662-EDC2A4AB4F37}"
EndProject
Project("{9A19103F-16F7-4668-BE54-9A1E7A4F7556}") = "Surging.Core.ApiGateWay", "core\Surging.Core\Surging.Core.ApiGateWay\Surging.Core.ApiGateWay.csproj", "{6FFA8021-AD47-47AD-A030-C28F8D4C89D5}"
EndProject
Project("{9A19103F-16F7-4668-BE54-9A1E7A4F7556}") = "Surging.Core.Caching", "core\Surging.Core\Surging.Core.Caching\Surging.Core.Caching.csproj", "{5990BE69-A0FB-43B2-B986-ADD4A74AC62C}"
EndProject
Project("{9A19103F-16F7-4668-BE54-9A1E7A4F7556}") = "Surging.Core.Codec.MessagePack", "core\Surging.Core\Surging.Core.Codec.MessagePack\Surging.Core.Codec.MessagePack.csproj", "{57BF4915-0C9C-4C3D-BA65-1D0887A19042}"
EndProject
Project("{9A19103F-16F7-4668-BE54-9A1E7A4F7556}") = "Surging.Core.Codec.ProtoBuffer", "core\Surging.Core\Surging.Core.Codec.ProtoBuffer\Surging.Core.Codec.ProtoBuffer.csproj", "{5EE5AE60-A8F5-4356-A7ED-AB9BCE42FBD1}"
EndProject
Project("{9A19103F-16F7-4668-BE54-9A1E7A4F7556}") = "Surging.Core.Common", "core\Surging.Core\Surging.Core.Common\Surging.Core.Common.csproj", "{33A7C1AC-1D68-447B-B146-0EE57DB0D834}"
EndProject
Project("{9A19103F-16F7-4668-BE54-9A1E7A4F7556}") = "Surging.Core.Consul", "core\Surging.Core\Surging.Core.Consul\Surging.Core.Consul.csproj", "{23DC1967-4E8E-4D73-903C-5006565831EA}"
EndProject
Project("{9A19103F-16F7-4668-BE54-9A1E7A4F7556}") = "Surging.Core.CPlatform", "core\Surging.Core\Surging.Core.CPlatform\Surging.Core.CPlatform.csproj", "{D931FE57-FB4B-4A52-AF56-BEFD46C4894A}"
EndProject
Project("{9A19103F-16F7-4668-BE54-9A1E7A4F7556}") = "Surging.Core.DotNetty", "core\Surging.Core\Surging.Core.DotNetty\Surging.Core.DotNetty.csproj", "{16B3C794-1E19-4559-AA62-34EA96A945C2}"
EndProject
Project("{9A19103F-16F7-4668-BE54-9A1E7A4F7556}") = "Surging.Core.EventBusKafka", "core\Surging.Core\Surging.Core.EventBusKafka\Surging.Core.EventBusKafka.csproj", "{2F81CAF6-CB87-4BF3-A890-6C0ED7FABA0D}"
EndProject
Project("{9A19103F-16F7-4668-BE54-9A1E7A4F7556}") = "Surging.Core.EventBusRabbitMQ", "core\Surging.Core\Surging.Core.EventBusRabbitMQ\Surging.Core.EventBusRabbitMQ.csproj", "{3E5B3061-2EB8-453D-82E6-4C652AD7E0E8}"
EndProject
Project("{9A19103F-16F7-4668-BE54-9A1E7A4F7556}") = "Surging.Core.KestrelHttpServer", "core\Surging.Core\Surging.Core.KestrelHttpServer\Surging.Core.KestrelHttpServer.csproj", "{33488A2B-44DD-469A-B292-1E7D068B680A}"
EndProject
Project("{9A19103F-16F7-4668-BE54-9A1E7A4F7556}") = "Surging.Core.Log4net", "core\Surging.Core\Surging.Core.Log4net\Surging.Core.Log4net.csproj", "{DBDD9342-B6F7-426A-8A35-0B610DBD391B}"
EndProject
Project("{9A19103F-16F7-4668-BE54-9A1E7A4F7556}") = "Surging.Core.Nlog", "core\Surging.Core\Surging.Core.NLog\Surging.Core.Nlog.csproj", "{D16B7619-7AA4-4E00-AF68-DD6480D46FE5}"
EndProject
Project("{9A19103F-16F7-4668-BE54-9A1E7A4F7556}") = "Surging.Core.Protocol.Http", "core\Surging.Core\Surging.Core.Protocol.Http\Surging.Core.Protocol.Http.csproj", "{508A2611-CF5B-4246-A48F-4EA002F8B383}"
EndProject
Project("{9A19103F-16F7-4668-BE54-9A1E7A4F7556}") = "Surging.Core.Protocol.Mqtt", "core\Surging.Core\Surging.Core.Protocol.Mqtt\Surging.Core.Protocol.Mqtt.csproj", "{CF8196F9-A49C-465A-9878-53D03DDFC9AC}"
EndProject
Project("{9A19103F-16F7-4668-BE54-9A1E7A4F7556}") = "Surging.Core.Protocol.WS", "core\Surging.Core\Surging.Core.Protocol.WS\Surging.Core.Protocol.WS.csproj", "{71298691-A406-4230-9CAA-143F7D220B73}"
EndProject
Project("{9A19103F-16F7-4668-BE54-9A1E7A4F7556}") = "Surging.Core.ProxyGenerator", "core\Surging.Core\Surging.Core.ProxyGenerator\Surging.Core.ProxyGenerator.csproj", "{4DF2B0E7-36CC-4C1C-8B97-D3F394965B95}"
EndProject
Project("{9A19103F-16F7-4668-BE54-9A1E7A4F7556}") = "Surging.Core.Redis", "core\Surging.Core\Surging.Core.Redis\Surging.Core.Redis.csproj", "{AF747364-5872-4633-88F0-59AF519445E5}"
EndProject
Project("{9A19103F-16F7-4668-BE54-9A1E7A4F7556}") = "Surging.Core.ServiceHosting", "core\Surging.Core\Surging.Core.ServiceHosting\Surging.Core.ServiceHosting.csproj", "{B9C20C58-1DD1-4DD6-8415-C8552369AD9F}"
EndProject
Project("{9A19103F-16F7-4668-BE54-9A1E7A4F7556}") = "Surging.Core.Swagger", "core\Surging.Core\Surging.Core.Swagger\Surging.Core.Swagger.csproj", "{67376D97-EB4C-4F5E-8AE2-644B1605BFD7}"
EndProject
Project("{9A19103F-16F7-4668-BE54-9A1E7A4F7556}") = "Surging.Core.System", "core\Surging.Core\Surging.Core.System\Surging.Core.System.csproj", "{84EC39A4-49C3-4D8A-9AEE-F476895EF60E}"
EndProject
Project("{9A19103F-16F7-4668-BE54-9A1E7A4F7556}") = "Surging.Core.Zookeeper", "core\Surging.Core\Surging.Core.Zookeeper\Surging.Core.Zookeeper.csproj", "{579CB6B1-BE12-4F06-8D3D-B96DF25F7490}"
EndProject
Project("{9A19103F-16F7-4668-BE54-9A1E7A4F7556}") = "WebSocketCore", "core\WebSocket\WebSocketCore\WebSocketCore.csproj", "{A35C2CC9-095B-4E1D-8943-C2E7A111B26C}"
EndProject
Project("{9A19103F-16F7-4668-BE54-9A1E7A4F7556}") = "Huanlv.Passport.Domain", "src\Servers\Passport\Domain\Huanlv.Passport.Domain.csproj", "{5B7F5289-D55E-4766-9094-9CDE07108FDF}"
EndProject
Project("{9A19103F-16F7-4668-BE54-9A1E7A4F7556}") = "Huanlv.Passport.IApplication", "src\Servers\Passport\IApplication\Huanlv.Passport.IApplication.csproj", "{0F8C54DF-778F-451A-B0A0-0CEA92F4542A}"
EndProject
Project("{9A19103F-16F7-4668-BE54-9A1E7A4F7556}") = "DataBase", "src\Servers\Passport\DataBase\DataBase.csproj", "{810451C9-5D16-42E2-9C23-45A2AC1544F7}"
EndProject
Project("{9A19103F-16F7-4668-BE54-9A1E7A4F7556}") = "Huanlv.Passport.Application", "src\Servers\Passport\Application\Huanlv.Passport.Application.csproj", "{3049AEE9-E4DD-49F0-AF4D-8B5C04CA0DD5}"
EndProject
Project("{9A19103F-16F7-4668-BE54-9A1E7A4F7556}") = "Surging.Core.Dapper", "core\Surging.Core\Surging.Core.Dapper\Surging.Core.Dapper.csproj", "{A5EE8E28-0A96-4931-8A2D-9D82DC9AEB90}"
EndProject
Project("{9A19103F-16F7-4668-BE54-9A1E7A4F7556}") = "Surging.Core.Domain", "core\Surging.Core\Surging.Core.Domain\Surging.Core.Domain.csproj", "{D25BD6DF-94D8-40EC-B992-E623A5FF6676}"
EndProject
Project("{9A19103F-16F7-4668-BE54-9A1E7A4F7556}") = "Huanlv.Passport.ServerHost", "src\Servers\Passport\ServerHost\Huanlv.Passport.ServerHost.csproj", "{B9A63221-77F1-43E6-9B3E-DD27A516AC3E}"
EndProject
Project("{9A19103F-16F7-4668-BE54-9A1E7A4F7556}") = "Surging.Core.AutoMapper", "core\Surging.Core\Surging.Core.AutoMapper\Surging.Core.AutoMapper.csproj", "{A3EB7642-73C4-490E-897D-7069B3066368}"
EndProject
Project("{2150E333-8FDC-42A3-9474-1A3956D46DE8}") = "Gateway", "Gateway", "{35CCF90A-3872-4EC2-B806-1FD206C49168}"
EndProject
Project("{9A19103F-16F7-4668-BE54-9A1E7A4F7556}") = "Huanlv.Passport.ApiGateway", "src\Gateway\Huanlv.Passport.ApiGateway\Huanlv.Passport.ApiGateway.csproj", "{3144DACD-B2B7-48BF-9835-BBCB703DEDAA}"
EndProject
Project("{9A19103F-16F7-4668-BE54-9A1E7A4F7556}") = "Huanlv.Passport.Interface", "src\Servers\Passport\Interface\Huanlv.Passport.Interface\Huanlv.Passport.Interface.csproj", "{AFDA474C-A00D-4200-9867-FD98E9096DD4}"
EndProject
Project("{9A19103F-16F7-4668-BE54-9A1E7A4F7556}") = "Huanlv.Passport.Api", "src\Gateway\Huanlv.Passport.Api\Huanlv.Passport.Api.csproj", "{A4F5EA8A-A909-4F56-9955-3FECC991F2F7}"
EndProject
Project("{FAE04EC0-301F-11D3-BF4B-00C04F79EFBC}") = "Huanlv.Core", "src\CommonComponents\Huanlv.Core\Huanlv.Core.csproj", "{83FDD98A-5997-43FA-BB58-FDD841250D8E}"
EndProject
Global
	GlobalSection(SolutionConfigurationPlatforms) = preSolution
		Debug|Any CPU = Debug|Any CPU
		Release|Any CPU = Release|Any CPU
	EndGlobalSection
	GlobalSection(ProjectConfigurationPlatforms) = postSolution
		{C27C4F13-65C4-4487-92AA-F23BEA8D2803}.Debug|Any CPU.ActiveCfg = Debug|Any CPU
		{C27C4F13-65C4-4487-92AA-F23BEA8D2803}.Debug|Any CPU.Build.0 = Debug|Any CPU
		{C27C4F13-65C4-4487-92AA-F23BEA8D2803}.Release|Any CPU.ActiveCfg = Release|Any CPU
		{C27C4F13-65C4-4487-92AA-F23BEA8D2803}.Release|Any CPU.Build.0 = Release|Any CPU
		{6FFA8021-AD47-47AD-A030-C28F8D4C89D5}.Debug|Any CPU.ActiveCfg = Debug|Any CPU
		{6FFA8021-AD47-47AD-A030-C28F8D4C89D5}.Debug|Any CPU.Build.0 = Debug|Any CPU
		{6FFA8021-AD47-47AD-A030-C28F8D4C89D5}.Release|Any CPU.ActiveCfg = Release|Any CPU
		{6FFA8021-AD47-47AD-A030-C28F8D4C89D5}.Release|Any CPU.Build.0 = Release|Any CPU
		{5990BE69-A0FB-43B2-B986-ADD4A74AC62C}.Debug|Any CPU.ActiveCfg = Debug|Any CPU
		{5990BE69-A0FB-43B2-B986-ADD4A74AC62C}.Debug|Any CPU.Build.0 = Debug|Any CPU
		{5990BE69-A0FB-43B2-B986-ADD4A74AC62C}.Release|Any CPU.ActiveCfg = Release|Any CPU
		{5990BE69-A0FB-43B2-B986-ADD4A74AC62C}.Release|Any CPU.Build.0 = Release|Any CPU
		{57BF4915-0C9C-4C3D-BA65-1D0887A19042}.Debug|Any CPU.ActiveCfg = Debug|Any CPU
		{57BF4915-0C9C-4C3D-BA65-1D0887A19042}.Debug|Any CPU.Build.0 = Debug|Any CPU
		{57BF4915-0C9C-4C3D-BA65-1D0887A19042}.Release|Any CPU.ActiveCfg = Release|Any CPU
		{57BF4915-0C9C-4C3D-BA65-1D0887A19042}.Release|Any CPU.Build.0 = Release|Any CPU
		{5EE5AE60-A8F5-4356-A7ED-AB9BCE42FBD1}.Debug|Any CPU.ActiveCfg = Debug|Any CPU
		{5EE5AE60-A8F5-4356-A7ED-AB9BCE42FBD1}.Debug|Any CPU.Build.0 = Debug|Any CPU
		{5EE5AE60-A8F5-4356-A7ED-AB9BCE42FBD1}.Release|Any CPU.ActiveCfg = Release|Any CPU
		{5EE5AE60-A8F5-4356-A7ED-AB9BCE42FBD1}.Release|Any CPU.Build.0 = Release|Any CPU
		{33A7C1AC-1D68-447B-B146-0EE57DB0D834}.Debug|Any CPU.ActiveCfg = Debug|Any CPU
		{33A7C1AC-1D68-447B-B146-0EE57DB0D834}.Debug|Any CPU.Build.0 = Debug|Any CPU
		{33A7C1AC-1D68-447B-B146-0EE57DB0D834}.Release|Any CPU.ActiveCfg = Release|Any CPU
		{33A7C1AC-1D68-447B-B146-0EE57DB0D834}.Release|Any CPU.Build.0 = Release|Any CPU
		{23DC1967-4E8E-4D73-903C-5006565831EA}.Debug|Any CPU.ActiveCfg = Debug|Any CPU
		{23DC1967-4E8E-4D73-903C-5006565831EA}.Debug|Any CPU.Build.0 = Debug|Any CPU
		{23DC1967-4E8E-4D73-903C-5006565831EA}.Release|Any CPU.ActiveCfg = Release|Any CPU
		{23DC1967-4E8E-4D73-903C-5006565831EA}.Release|Any CPU.Build.0 = Release|Any CPU
		{D931FE57-FB4B-4A52-AF56-BEFD46C4894A}.Debug|Any CPU.ActiveCfg = Debug|Any CPU
		{D931FE57-FB4B-4A52-AF56-BEFD46C4894A}.Debug|Any CPU.Build.0 = Debug|Any CPU
		{D931FE57-FB4B-4A52-AF56-BEFD46C4894A}.Release|Any CPU.ActiveCfg = Release|Any CPU
		{D931FE57-FB4B-4A52-AF56-BEFD46C4894A}.Release|Any CPU.Build.0 = Release|Any CPU
		{16B3C794-1E19-4559-AA62-34EA96A945C2}.Debug|Any CPU.ActiveCfg = Debug|Any CPU
		{16B3C794-1E19-4559-AA62-34EA96A945C2}.Debug|Any CPU.Build.0 = Debug|Any CPU
		{16B3C794-1E19-4559-AA62-34EA96A945C2}.Release|Any CPU.ActiveCfg = Release|Any CPU
		{16B3C794-1E19-4559-AA62-34EA96A945C2}.Release|Any CPU.Build.0 = Release|Any CPU
		{2F81CAF6-CB87-4BF3-A890-6C0ED7FABA0D}.Debug|Any CPU.ActiveCfg = Debug|Any CPU
		{2F81CAF6-CB87-4BF3-A890-6C0ED7FABA0D}.Debug|Any CPU.Build.0 = Debug|Any CPU
		{2F81CAF6-CB87-4BF3-A890-6C0ED7FABA0D}.Release|Any CPU.ActiveCfg = Release|Any CPU
		{2F81CAF6-CB87-4BF3-A890-6C0ED7FABA0D}.Release|Any CPU.Build.0 = Release|Any CPU
		{3E5B3061-2EB8-453D-82E6-4C652AD7E0E8}.Debug|Any CPU.ActiveCfg = Debug|Any CPU
		{3E5B3061-2EB8-453D-82E6-4C652AD7E0E8}.Debug|Any CPU.Build.0 = Debug|Any CPU
		{3E5B3061-2EB8-453D-82E6-4C652AD7E0E8}.Release|Any CPU.ActiveCfg = Release|Any CPU
		{3E5B3061-2EB8-453D-82E6-4C652AD7E0E8}.Release|Any CPU.Build.0 = Release|Any CPU
		{33488A2B-44DD-469A-B292-1E7D068B680A}.Debug|Any CPU.ActiveCfg = Debug|Any CPU
		{33488A2B-44DD-469A-B292-1E7D068B680A}.Debug|Any CPU.Build.0 = Debug|Any CPU
		{33488A2B-44DD-469A-B292-1E7D068B680A}.Release|Any CPU.ActiveCfg = Release|Any CPU
		{33488A2B-44DD-469A-B292-1E7D068B680A}.Release|Any CPU.Build.0 = Release|Any CPU
		{DBDD9342-B6F7-426A-8A35-0B610DBD391B}.Debug|Any CPU.ActiveCfg = Debug|Any CPU
		{DBDD9342-B6F7-426A-8A35-0B610DBD391B}.Debug|Any CPU.Build.0 = Debug|Any CPU
		{DBDD9342-B6F7-426A-8A35-0B610DBD391B}.Release|Any CPU.ActiveCfg = Release|Any CPU
		{DBDD9342-B6F7-426A-8A35-0B610DBD391B}.Release|Any CPU.Build.0 = Release|Any CPU
		{D16B7619-7AA4-4E00-AF68-DD6480D46FE5}.Debug|Any CPU.ActiveCfg = Debug|Any CPU
		{D16B7619-7AA4-4E00-AF68-DD6480D46FE5}.Debug|Any CPU.Build.0 = Debug|Any CPU
		{D16B7619-7AA4-4E00-AF68-DD6480D46FE5}.Release|Any CPU.ActiveCfg = Release|Any CPU
		{D16B7619-7AA4-4E00-AF68-DD6480D46FE5}.Release|Any CPU.Build.0 = Release|Any CPU
		{508A2611-CF5B-4246-A48F-4EA002F8B383}.Debug|Any CPU.ActiveCfg = Debug|Any CPU
		{508A2611-CF5B-4246-A48F-4EA002F8B383}.Debug|Any CPU.Build.0 = Debug|Any CPU
		{508A2611-CF5B-4246-A48F-4EA002F8B383}.Release|Any CPU.ActiveCfg = Release|Any CPU
		{508A2611-CF5B-4246-A48F-4EA002F8B383}.Release|Any CPU.Build.0 = Release|Any CPU
		{CF8196F9-A49C-465A-9878-53D03DDFC9AC}.Debug|Any CPU.ActiveCfg = Debug|Any CPU
		{CF8196F9-A49C-465A-9878-53D03DDFC9AC}.Debug|Any CPU.Build.0 = Debug|Any CPU
		{CF8196F9-A49C-465A-9878-53D03DDFC9AC}.Release|Any CPU.ActiveCfg = Release|Any CPU
		{CF8196F9-A49C-465A-9878-53D03DDFC9AC}.Release|Any CPU.Build.0 = Release|Any CPU
		{71298691-A406-4230-9CAA-143F7D220B73}.Debug|Any CPU.ActiveCfg = Debug|Any CPU
		{71298691-A406-4230-9CAA-143F7D220B73}.Debug|Any CPU.Build.0 = Debug|Any CPU
		{71298691-A406-4230-9CAA-143F7D220B73}.Release|Any CPU.ActiveCfg = Release|Any CPU
		{71298691-A406-4230-9CAA-143F7D220B73}.Release|Any CPU.Build.0 = Release|Any CPU
		{4DF2B0E7-36CC-4C1C-8B97-D3F394965B95}.Debug|Any CPU.ActiveCfg = Debug|Any CPU
		{4DF2B0E7-36CC-4C1C-8B97-D3F394965B95}.Debug|Any CPU.Build.0 = Debug|Any CPU
		{4DF2B0E7-36CC-4C1C-8B97-D3F394965B95}.Release|Any CPU.ActiveCfg = Release|Any CPU
		{4DF2B0E7-36CC-4C1C-8B97-D3F394965B95}.Release|Any CPU.Build.0 = Release|Any CPU
		{AF747364-5872-4633-88F0-59AF519445E5}.Debug|Any CPU.ActiveCfg = Debug|Any CPU
		{AF747364-5872-4633-88F0-59AF519445E5}.Debug|Any CPU.Build.0 = Debug|Any CPU
		{AF747364-5872-4633-88F0-59AF519445E5}.Release|Any CPU.ActiveCfg = Release|Any CPU
		{AF747364-5872-4633-88F0-59AF519445E5}.Release|Any CPU.Build.0 = Release|Any CPU
		{B9C20C58-1DD1-4DD6-8415-C8552369AD9F}.Debug|Any CPU.ActiveCfg = Debug|Any CPU
		{B9C20C58-1DD1-4DD6-8415-C8552369AD9F}.Debug|Any CPU.Build.0 = Debug|Any CPU
		{B9C20C58-1DD1-4DD6-8415-C8552369AD9F}.Release|Any CPU.ActiveCfg = Release|Any CPU
		{B9C20C58-1DD1-4DD6-8415-C8552369AD9F}.Release|Any CPU.Build.0 = Release|Any CPU
		{67376D97-EB4C-4F5E-8AE2-644B1605BFD7}.Debug|Any CPU.ActiveCfg = Debug|Any CPU
		{67376D97-EB4C-4F5E-8AE2-644B1605BFD7}.Debug|Any CPU.Build.0 = Debug|Any CPU
		{67376D97-EB4C-4F5E-8AE2-644B1605BFD7}.Release|Any CPU.ActiveCfg = Release|Any CPU
		{67376D97-EB4C-4F5E-8AE2-644B1605BFD7}.Release|Any CPU.Build.0 = Release|Any CPU
		{84EC39A4-49C3-4D8A-9AEE-F476895EF60E}.Debug|Any CPU.ActiveCfg = Debug|Any CPU
		{84EC39A4-49C3-4D8A-9AEE-F476895EF60E}.Debug|Any CPU.Build.0 = Debug|Any CPU
		{84EC39A4-49C3-4D8A-9AEE-F476895EF60E}.Release|Any CPU.ActiveCfg = Release|Any CPU
		{84EC39A4-49C3-4D8A-9AEE-F476895EF60E}.Release|Any CPU.Build.0 = Release|Any CPU
		{579CB6B1-BE12-4F06-8D3D-B96DF25F7490}.Debug|Any CPU.ActiveCfg = Debug|Any CPU
		{579CB6B1-BE12-4F06-8D3D-B96DF25F7490}.Debug|Any CPU.Build.0 = Debug|Any CPU
		{579CB6B1-BE12-4F06-8D3D-B96DF25F7490}.Release|Any CPU.ActiveCfg = Release|Any CPU
		{579CB6B1-BE12-4F06-8D3D-B96DF25F7490}.Release|Any CPU.Build.0 = Release|Any CPU
		{A35C2CC9-095B-4E1D-8943-C2E7A111B26C}.Debug|Any CPU.ActiveCfg = Debug|Any CPU
		{A35C2CC9-095B-4E1D-8943-C2E7A111B26C}.Debug|Any CPU.Build.0 = Debug|Any CPU
		{A35C2CC9-095B-4E1D-8943-C2E7A111B26C}.Release|Any CPU.ActiveCfg = Release|Any CPU
		{A35C2CC9-095B-4E1D-8943-C2E7A111B26C}.Release|Any CPU.Build.0 = Release|Any CPU
		{5B7F5289-D55E-4766-9094-9CDE07108FDF}.Debug|Any CPU.ActiveCfg = Debug|Any CPU
		{5B7F5289-D55E-4766-9094-9CDE07108FDF}.Debug|Any CPU.Build.0 = Debug|Any CPU
		{5B7F5289-D55E-4766-9094-9CDE07108FDF}.Release|Any CPU.ActiveCfg = Release|Any CPU
		{5B7F5289-D55E-4766-9094-9CDE07108FDF}.Release|Any CPU.Build.0 = Release|Any CPU
		{0F8C54DF-778F-451A-B0A0-0CEA92F4542A}.Debug|Any CPU.ActiveCfg = Debug|Any CPU
		{0F8C54DF-778F-451A-B0A0-0CEA92F4542A}.Debug|Any CPU.Build.0 = Debug|Any CPU
		{0F8C54DF-778F-451A-B0A0-0CEA92F4542A}.Release|Any CPU.ActiveCfg = Release|Any CPU
		{0F8C54DF-778F-451A-B0A0-0CEA92F4542A}.Release|Any CPU.Build.0 = Release|Any CPU
		{810451C9-5D16-42E2-9C23-45A2AC1544F7}.Debug|Any CPU.ActiveCfg = Debug|Any CPU
		{810451C9-5D16-42E2-9C23-45A2AC1544F7}.Debug|Any CPU.Build.0 = Debug|Any CPU
		{810451C9-5D16-42E2-9C23-45A2AC1544F7}.Release|Any CPU.ActiveCfg = Release|Any CPU
		{810451C9-5D16-42E2-9C23-45A2AC1544F7}.Release|Any CPU.Build.0 = Release|Any CPU
		{3049AEE9-E4DD-49F0-AF4D-8B5C04CA0DD5}.Debug|Any CPU.ActiveCfg = Debug|Any CPU
		{3049AEE9-E4DD-49F0-AF4D-8B5C04CA0DD5}.Debug|Any CPU.Build.0 = Debug|Any CPU
		{3049AEE9-E4DD-49F0-AF4D-8B5C04CA0DD5}.Release|Any CPU.ActiveCfg = Release|Any CPU
		{3049AEE9-E4DD-49F0-AF4D-8B5C04CA0DD5}.Release|Any CPU.Build.0 = Release|Any CPU
		{A5EE8E28-0A96-4931-8A2D-9D82DC9AEB90}.Debug|Any CPU.ActiveCfg = Debug|Any CPU
		{A5EE8E28-0A96-4931-8A2D-9D82DC9AEB90}.Debug|Any CPU.Build.0 = Debug|Any CPU
		{A5EE8E28-0A96-4931-8A2D-9D82DC9AEB90}.Release|Any CPU.ActiveCfg = Release|Any CPU
		{A5EE8E28-0A96-4931-8A2D-9D82DC9AEB90}.Release|Any CPU.Build.0 = Release|Any CPU
		{D25BD6DF-94D8-40EC-B992-E623A5FF6676}.Debug|Any CPU.ActiveCfg = Debug|Any CPU
		{D25BD6DF-94D8-40EC-B992-E623A5FF6676}.Debug|Any CPU.Build.0 = Debug|Any CPU
		{D25BD6DF-94D8-40EC-B992-E623A5FF6676}.Release|Any CPU.ActiveCfg = Release|Any CPU
		{D25BD6DF-94D8-40EC-B992-E623A5FF6676}.Release|Any CPU.Build.0 = Release|Any CPU
		{B9A63221-77F1-43E6-9B3E-DD27A516AC3E}.Debug|Any CPU.ActiveCfg = Debug|Any CPU
		{B9A63221-77F1-43E6-9B3E-DD27A516AC3E}.Debug|Any CPU.Build.0 = Debug|Any CPU
		{B9A63221-77F1-43E6-9B3E-DD27A516AC3E}.Release|Any CPU.ActiveCfg = Release|Any CPU
		{B9A63221-77F1-43E6-9B3E-DD27A516AC3E}.Release|Any CPU.Build.0 = Release|Any CPU
		{A3EB7642-73C4-490E-897D-7069B3066368}.Debug|Any CPU.ActiveCfg = Debug|Any CPU
		{A3EB7642-73C4-490E-897D-7069B3066368}.Debug|Any CPU.Build.0 = Debug|Any CPU
		{A3EB7642-73C4-490E-897D-7069B3066368}.Release|Any CPU.ActiveCfg = Release|Any CPU
		{A3EB7642-73C4-490E-897D-7069B3066368}.Release|Any CPU.Build.0 = Release|Any CPU
		{3144DACD-B2B7-48BF-9835-BBCB703DEDAA}.Debug|Any CPU.ActiveCfg = Debug|Any CPU
		{3144DACD-B2B7-48BF-9835-BBCB703DEDAA}.Debug|Any CPU.Build.0 = Debug|Any CPU
		{3144DACD-B2B7-48BF-9835-BBCB703DEDAA}.Release|Any CPU.ActiveCfg = Release|Any CPU
		{3144DACD-B2B7-48BF-9835-BBCB703DEDAA}.Release|Any CPU.Build.0 = Release|Any CPU
		{AFDA474C-A00D-4200-9867-FD98E9096DD4}.Debug|Any CPU.ActiveCfg = Debug|Any CPU
		{AFDA474C-A00D-4200-9867-FD98E9096DD4}.Debug|Any CPU.Build.0 = Debug|Any CPU
		{AFDA474C-A00D-4200-9867-FD98E9096DD4}.Release|Any CPU.ActiveCfg = Release|Any CPU
		{AFDA474C-A00D-4200-9867-FD98E9096DD4}.Release|Any CPU.Build.0 = Release|Any CPU
		{A4F5EA8A-A909-4F56-9955-3FECC991F2F7}.Debug|Any CPU.ActiveCfg = Debug|Any CPU
		{A4F5EA8A-A909-4F56-9955-3FECC991F2F7}.Debug|Any CPU.Build.0 = Debug|Any CPU
		{A4F5EA8A-A909-4F56-9955-3FECC991F2F7}.Release|Any CPU.ActiveCfg = Release|Any CPU
		{A4F5EA8A-A909-4F56-9955-3FECC991F2F7}.Release|Any CPU.Build.0 = Release|Any CPU
		{83FDD98A-5997-43FA-BB58-FDD841250D8E}.Debug|Any CPU.ActiveCfg = Debug|Any CPU
		{83FDD98A-5997-43FA-BB58-FDD841250D8E}.Debug|Any CPU.Build.0 = Debug|Any CPU
		{83FDD98A-5997-43FA-BB58-FDD841250D8E}.Release|Any CPU.ActiveCfg = Release|Any CPU
		{83FDD98A-5997-43FA-BB58-FDD841250D8E}.Release|Any CPU.Build.0 = Release|Any CPU
	EndGlobalSection
	GlobalSection(SolutionProperties) = preSolution
		HideSolutionNode = FALSE
	EndGlobalSection
	GlobalSection(NestedProjects) = preSolution
		{C81BE397-2C87-4C61-87DB-D7BB4FA16462} = {DA773B22-02BD-415E-A383-BDB3AADC69DA}
		{C1C9F1DC-66B6-4739-9E5D-C58021542D8E} = {DA773B22-02BD-415E-A383-BDB3AADC69DA}
		{179B1E98-B304-4234-96FF-24006C7E819C} = {C1C9F1DC-66B6-4739-9E5D-C58021542D8E}
		{2D6BC891-1550-46BB-96CF-8D3173D6AED2} = {C1C9F1DC-66B6-4739-9E5D-C58021542D8E}
		{B626B376-9D9A-426A-8649-65AE858B50CB} = {C1C9F1DC-66B6-4739-9E5D-C58021542D8E}
		{652D5E6E-E2FD-4B40-9F6D-BDB4E165FD89} = {DA773B22-02BD-415E-A383-BDB3AADC69DA}
		{C27C4F13-65C4-4487-92AA-F23BEA8D2803} = {C81BE397-2C87-4C61-87DB-D7BB4FA16462}
		{53415490-7FCC-42D8-9662-EDC2A4AB4F37} = {4BD66F48-7130-471A-A379-D6EB8791516C}
		{6FFA8021-AD47-47AD-A030-C28F8D4C89D5} = {53415490-7FCC-42D8-9662-EDC2A4AB4F37}
		{5990BE69-A0FB-43B2-B986-ADD4A74AC62C} = {53415490-7FCC-42D8-9662-EDC2A4AB4F37}
		{57BF4915-0C9C-4C3D-BA65-1D0887A19042} = {53415490-7FCC-42D8-9662-EDC2A4AB4F37}
		{5EE5AE60-A8F5-4356-A7ED-AB9BCE42FBD1} = {53415490-7FCC-42D8-9662-EDC2A4AB4F37}
		{33A7C1AC-1D68-447B-B146-0EE57DB0D834} = {53415490-7FCC-42D8-9662-EDC2A4AB4F37}
		{23DC1967-4E8E-4D73-903C-5006565831EA} = {53415490-7FCC-42D8-9662-EDC2A4AB4F37}
		{D931FE57-FB4B-4A52-AF56-BEFD46C4894A} = {53415490-7FCC-42D8-9662-EDC2A4AB4F37}
		{16B3C794-1E19-4559-AA62-34EA96A945C2} = {53415490-7FCC-42D8-9662-EDC2A4AB4F37}
		{2F81CAF6-CB87-4BF3-A890-6C0ED7FABA0D} = {53415490-7FCC-42D8-9662-EDC2A4AB4F37}
		{3E5B3061-2EB8-453D-82E6-4C652AD7E0E8} = {53415490-7FCC-42D8-9662-EDC2A4AB4F37}
		{33488A2B-44DD-469A-B292-1E7D068B680A} = {53415490-7FCC-42D8-9662-EDC2A4AB4F37}
		{DBDD9342-B6F7-426A-8A35-0B610DBD391B} = {53415490-7FCC-42D8-9662-EDC2A4AB4F37}
		{D16B7619-7AA4-4E00-AF68-DD6480D46FE5} = {53415490-7FCC-42D8-9662-EDC2A4AB4F37}
		{508A2611-CF5B-4246-A48F-4EA002F8B383} = {53415490-7FCC-42D8-9662-EDC2A4AB4F37}
		{CF8196F9-A49C-465A-9878-53D03DDFC9AC} = {53415490-7FCC-42D8-9662-EDC2A4AB4F37}
		{71298691-A406-4230-9CAA-143F7D220B73} = {53415490-7FCC-42D8-9662-EDC2A4AB4F37}
		{4DF2B0E7-36CC-4C1C-8B97-D3F394965B95} = {53415490-7FCC-42D8-9662-EDC2A4AB4F37}
		{AF747364-5872-4633-88F0-59AF519445E5} = {53415490-7FCC-42D8-9662-EDC2A4AB4F37}
		{B9C20C58-1DD1-4DD6-8415-C8552369AD9F} = {53415490-7FCC-42D8-9662-EDC2A4AB4F37}
		{67376D97-EB4C-4F5E-8AE2-644B1605BFD7} = {53415490-7FCC-42D8-9662-EDC2A4AB4F37}
		{84EC39A4-49C3-4D8A-9AEE-F476895EF60E} = {53415490-7FCC-42D8-9662-EDC2A4AB4F37}
		{579CB6B1-BE12-4F06-8D3D-B96DF25F7490} = {53415490-7FCC-42D8-9662-EDC2A4AB4F37}
		{A35C2CC9-095B-4E1D-8943-C2E7A111B26C} = {53415490-7FCC-42D8-9662-EDC2A4AB4F37}
		{5B7F5289-D55E-4766-9094-9CDE07108FDF} = {179B1E98-B304-4234-96FF-24006C7E819C}
		{0F8C54DF-778F-451A-B0A0-0CEA92F4542A} = {179B1E98-B304-4234-96FF-24006C7E819C}
		{810451C9-5D16-42E2-9C23-45A2AC1544F7} = {179B1E98-B304-4234-96FF-24006C7E819C}
		{3049AEE9-E4DD-49F0-AF4D-8B5C04CA0DD5} = {179B1E98-B304-4234-96FF-24006C7E819C}
		{A5EE8E28-0A96-4931-8A2D-9D82DC9AEB90} = {53415490-7FCC-42D8-9662-EDC2A4AB4F37}
		{D25BD6DF-94D8-40EC-B992-E623A5FF6676} = {53415490-7FCC-42D8-9662-EDC2A4AB4F37}
		{B9A63221-77F1-43E6-9B3E-DD27A516AC3E} = {179B1E98-B304-4234-96FF-24006C7E819C}
		{A3EB7642-73C4-490E-897D-7069B3066368} = {53415490-7FCC-42D8-9662-EDC2A4AB4F37}
		{35CCF90A-3872-4EC2-B806-1FD206C49168} = {DA773B22-02BD-415E-A383-BDB3AADC69DA}
		{3144DACD-B2B7-48BF-9835-BBCB703DEDAA} = {35CCF90A-3872-4EC2-B806-1FD206C49168}
		{AFDA474C-A00D-4200-9867-FD98E9096DD4} = {179B1E98-B304-4234-96FF-24006C7E819C}
		{A4F5EA8A-A909-4F56-9955-3FECC991F2F7} = {35CCF90A-3872-4EC2-B806-1FD206C49168}
		{83FDD98A-5997-43FA-BB58-FDD841250D8E} = {C81BE397-2C87-4C61-87DB-D7BB4FA16462}
	EndGlobalSection
	GlobalSection(ExtensibilityGlobals) = postSolution
		SolutionGuid = {DA736418-0A8F-4014-912F-D6E8434F6F2D}
	EndGlobalSection
EndGlobal
