
Microsoft Visual Studio Solution File, Format Version 12.00
# Visual Studio 15
VisualStudioVersion = 15.0.27703.2035
MinimumVisualStudioVersion = 10.0.40219.1
Project("{2150E333-8FDC-42A3-9474-1A3956D46DE8}") = "src", "src", "{DA773B22-02BD-415E-A383-BDB3AADC69DA}"
EndProject
Project("{2150E333-8FDC-42A3-9474-1A3956D46DE8}") = "CommonComponents", "CommonComponents", "{C81BE397-2C87-4C61-87DB-D7BB4FA16462}"
EndProject
Project("{2150E333-8FDC-42A3-9474-1A3956D46DE8}") = "Servers", "Servers", "{C1C9F1DC-66B6-4739-9E5D-C58021542D8E}"
EndProject
Project("{2150E333-8FDC-42A3-9474-1A3956D46DE8}") = "Passport", "Passport", "{179B1E98-B304-4234-96FF-24006C7E819C}"
EndProject
Project("{2150E333-8FDC-42A3-9474-1A3956D46DE8}") = "Oem", "Oem", "{2D6BC891-1550-46BB-96CF-8D3173D6AED2}"
EndProject
Project("{2150E333-8FDC-42A3-9474-1A3956D46DE8}") = "AppManager", "AppManager", "{B626B376-9D9A-426A-8649-65AE858B50CB}"
EndProject
Project("{2150E333-8FDC-42A3-9474-1A3956D46DE8}") = "core", "core", "{4BD66F48-7130-471A-A379-D6EB8791516C}"
EndProject
Project("{2150E333-8FDC-42A3-9474-1A3956D46DE8}") = "Senparc", "Senparc", "{652D5E6E-E2FD-4B40-9F6D-BDB4E165FD89}"
EndProject
Project("{9A19103F-16F7-4668-BE54-9A1E7A4F7556}") = "Surging.Huanlv.Core", "src\CommonComponents\Surging.Huanlv.Core\Surging.Huanlv.Core.csproj", "{1D7F09F9-88DC-403D-863C-6BBF87A02A01}"
EndProject
Project("{9A19103F-16F7-4668-BE54-9A1E7A4F7556}") = "Huanlv.Passport.Infrastructure", "src\Servers\Passport\Huanlv.Passport.Common\Huanlv.Passport.Infrastructure.csproj", "{95D5CF2B-B122-4A5B-B591-2F70E308082E}"
EndProject
Project("{9A19103F-16F7-4668-BE54-9A1E7A4F7556}") = "Huanlv.Passport.Domain", "src\Servers\Passport\Huanlv.Passport.Domain\Huanlv.Passport.Domain.csproj", "{003A8F36-45D8-4C8A-8C63-F2609BD1E858}"
EndProject
Project("{9A19103F-16F7-4668-BE54-9A1E7A4F7556}") = "Huanlv.Passport.Interfaces", "src\Servers\Passport\Huanlv.Passport.IApplication\Huanlv.Passport.Interfaces.csproj", "{FEBC54B0-35BF-4A3B-80F2-EA67DCB0DE1C}"
EndProject
Project("{9A19103F-16F7-4668-BE54-9A1E7A4F7556}") = "Huanlv.Passport.ServerHost", "src\Servers\Passport\Huanlv.Passport.ServerHost\Huanlv.Passport.ServerHost.csproj", "{6A8DA2FB-5B58-4442-9884-8B35F2961DB5}"
EndProject
Project("{9A19103F-16F7-4668-BE54-9A1E7A4F7556}") = "Surging.Huanlv.Domain.Core", "src\CommonComponents\Surging.Huanlv.Domain.Core\Surging.Huanlv.Domain.Core.csproj", "{C27C4F13-65C4-4487-92AA-F23BEA8D2803}"
EndProject
Global
	GlobalSection(SolutionConfigurationPlatforms) = preSolution
		Debug|Any CPU = Debug|Any CPU
		Release|Any CPU = Release|Any CPU
	EndGlobalSection
	GlobalSection(ProjectConfigurationPlatforms) = postSolution
		{1D7F09F9-88DC-403D-863C-6BBF87A02A01}.Debug|Any CPU.ActiveCfg = Debug|Any CPU
		{1D7F09F9-88DC-403D-863C-6BBF87A02A01}.Debug|Any CPU.Build.0 = Debug|Any CPU
		{1D7F09F9-88DC-403D-863C-6BBF87A02A01}.Release|Any CPU.ActiveCfg = Release|Any CPU
		{1D7F09F9-88DC-403D-863C-6BBF87A02A01}.Release|Any CPU.Build.0 = Release|Any CPU
		{95D5CF2B-B122-4A5B-B591-2F70E308082E}.Debug|Any CPU.ActiveCfg = Debug|Any CPU
		{95D5CF2B-B122-4A5B-B591-2F70E308082E}.Debug|Any CPU.Build.0 = Debug|Any CPU
		{95D5CF2B-B122-4A5B-B591-2F70E308082E}.Release|Any CPU.ActiveCfg = Release|Any CPU
		{95D5CF2B-B122-4A5B-B591-2F70E308082E}.Release|Any CPU.Build.0 = Release|Any CPU
		{003A8F36-45D8-4C8A-8C63-F2609BD1E858}.Debug|Any CPU.ActiveCfg = Debug|Any CPU
		{003A8F36-45D8-4C8A-8C63-F2609BD1E858}.Debug|Any CPU.Build.0 = Debug|Any CPU
		{003A8F36-45D8-4C8A-8C63-F2609BD1E858}.Release|Any CPU.ActiveCfg = Release|Any CPU
		{003A8F36-45D8-4C8A-8C63-F2609BD1E858}.Release|Any CPU.Build.0 = Release|Any CPU
		{FEBC54B0-35BF-4A3B-80F2-EA67DCB0DE1C}.Debug|Any CPU.ActiveCfg = Debug|Any CPU
		{FEBC54B0-35BF-4A3B-80F2-EA67DCB0DE1C}.Debug|Any CPU.Build.0 = Debug|Any CPU
		{FEBC54B0-35BF-4A3B-80F2-EA67DCB0DE1C}.Release|Any CPU.ActiveCfg = Release|Any CPU
		{FEBC54B0-35BF-4A3B-80F2-EA67DCB0DE1C}.Release|Any CPU.Build.0 = Release|Any CPU
		{6A8DA2FB-5B58-4442-9884-8B35F2961DB5}.Debug|Any CPU.ActiveCfg = Debug|Any CPU
		{6A8DA2FB-5B58-4442-9884-8B35F2961DB5}.Debug|Any CPU.Build.0 = Debug|Any CPU
		{6A8DA2FB-5B58-4442-9884-8B35F2961DB5}.Release|Any CPU.ActiveCfg = Release|Any CPU
		{6A8DA2FB-5B58-4442-9884-8B35F2961DB5}.Release|Any CPU.Build.0 = Release|Any CPU
		{C27C4F13-65C4-4487-92AA-F23BEA8D2803}.Debug|Any CPU.ActiveCfg = Debug|Any CPU
		{C27C4F13-65C4-4487-92AA-F23BEA8D2803}.Debug|Any CPU.Build.0 = Debug|Any CPU
		{C27C4F13-65C4-4487-92AA-F23BEA8D2803}.Release|Any CPU.ActiveCfg = Release|Any CPU
		{C27C4F13-65C4-4487-92AA-F23BEA8D2803}.Release|Any CPU.Build.0 = Release|Any CPU
	EndGlobalSection
	GlobalSection(SolutionProperties) = preSolution
		HideSolutionNode = FALSE
	EndGlobalSection
	GlobalSection(NestedProjects) = preSolution
		{C81BE397-2C87-4C61-87DB-D7BB4FA16462} = {DA773B22-02BD-415E-A383-BDB3AADC69DA}
		{C1C9F1DC-66B6-4739-9E5D-C58021542D8E} = {DA773B22-02BD-415E-A383-BDB3AADC69DA}
		{179B1E98-B304-4234-96FF-24006C7E819C} = {C1C9F1DC-66B6-4739-9E5D-C58021542D8E}
		{2D6BC891-1550-46BB-96CF-8D3173D6AED2} = {C1C9F1DC-66B6-4739-9E5D-C58021542D8E}
		{B626B376-9D9A-426A-8649-65AE858B50CB} = {C1C9F1DC-66B6-4739-9E5D-C58021542D8E}
		{652D5E6E-E2FD-4B40-9F6D-BDB4E165FD89} = {DA773B22-02BD-415E-A383-BDB3AADC69DA}
		{1D7F09F9-88DC-403D-863C-6BBF87A02A01} = {C81BE397-2C87-4C61-87DB-D7BB4FA16462}
		{95D5CF2B-B122-4A5B-B591-2F70E308082E} = {179B1E98-B304-4234-96FF-24006C7E819C}
		{003A8F36-45D8-4C8A-8C63-F2609BD1E858} = {179B1E98-B304-4234-96FF-24006C7E819C}
		{FEBC54B0-35BF-4A3B-80F2-EA67DCB0DE1C} = {179B1E98-B304-4234-96FF-24006C7E819C}
		{6A8DA2FB-5B58-4442-9884-8B35F2961DB5} = {179B1E98-B304-4234-96FF-24006C7E819C}
		{C27C4F13-65C4-4487-92AA-F23BEA8D2803} = {C81BE397-2C87-4C61-87DB-D7BB4FA16462}
	EndGlobalSection
	GlobalSection(ExtensibilityGlobals) = postSolution
		SolutionGuid = {DA736418-0A8F-4014-912F-D6E8434F6F2D}
	EndGlobalSection
EndGlobal
